{
  "pins" : [
    {
      "identity" : "webservice",
      "kind" : "remoteSourceControl",
      "location" : "https://github.com/binarysid/WebService.git",
      "state" : {
        "revision" : "a6ff6619b5740cd4df333ad111e8e48d7f1d69dd",
        "version" : "1.0.0"
      }
    }
  ],
  "version" : 2
}
